{
  "pins" : [
    {
      "identity" : "currencytext",
      "kind" : "remoteSourceControl",
      "location" : "https://github.com/marinofelipe/CurrencyText",
      "state" : {
        "revision" : "32c6f6859b9833a35559a6193cb7c34eb08f5f60",
        "version" : "3.0.0"
      }
    }
  ],
  "version" : 2
}
