{
  "pins" : [
    {
      "identity" : "calcmei_core",
      "kind" : "remoteSourceControl",
      "location" : "https://github.com/frehelfer/CalcMEI_Core",
      "state" : {
        "branch" : "main",
        "revision" : "f88f6750e5e92743da50d153819039016450ee22"
      }
    },
    {
      "identity" : "currencytext",
      "kind" : "remoteSourceControl",
      "location" : "https://github.com/marinofelipe/CurrencyText",
      "state" : {
        "revision" : "32c6f6859b9833a35559a6193cb7c34eb08f5f60",
        "version" : "3.0.0"
      }
    }
  ],
  "version" : 2
}
