// !$*UTF8*$!
{
	archiveVersion = 1;
	classes = {
	};
	objectVersion = 56;
	objects = {

/* Begin PBXBuildFile section */
		8D036C3329EDDD670079F4B1 /* swiftgen.yml in Resources */ = {isa = PBXBuildFile; fileRef = 8D036C3229EDDD670079F4B1 /* swiftgen.yml */; };
		8D036C3929EDDE6F0079F4B1 /* Localizable.strings in Resources */ = {isa = PBXBuildFile; fileRef = 8D036C3829EDDE6F0079F4B1 /* Localizable.strings */; };
		8D036C3B29EDDFAF0079F4B1 /* Colors.xcassets in Resources */ = {isa = PBXBuildFile; fileRef = 8D036C3A29EDDFAF0079F4B1 /* Colors.xcassets */; };
		8D036C3D29EDDFEC0079F4B1 /* Images.xcassets in Resources */ = {isa = PBXBuildFile; fileRef = 8D036C3C29EDDFEC0079F4B1 /* Images.xcassets */; };
		8D036C3F29EDE1DA0079F4B1 /* Strings.swift in Sources */ = {isa = PBXBuildFile; fileRef = 8D036C3E29EDE1DA0079F4B1 /* Strings.swift */; };
		8D036C4129EDE1E90079F4B1 /* Assets.swift in Sources */ = {isa = PBXBuildFile; fileRef = 8D036C4029EDE1E90079F4B1 /* Assets.swift */; };
		8D3562FA29EB6B79008D92D7 /* CountFixture.swift in Sources */ = {isa = PBXBuildFile; fileRef = 8D3562F929EB6B79008D92D7 /* CountFixture.swift */; };
		8D3562FD29EB6CD5008D92D7 /* ConsultServiceSpy.swift in Sources */ = {isa = PBXBuildFile; fileRef = 8D3562FC29EB6CD5008D92D7 /* ConsultServiceSpy.swift */; };
		8D3AF01929FB0E2800976763 /* UIViewControllerPreview.swift in Sources */ = {isa = PBXBuildFile; fileRef = 8D3AF01829FB0E2800976763 /* UIViewControllerPreview.swift */; };
		8D3AF01B29FB181200976763 /* UIViewPreview.swift in Sources */ = {isa = PBXBuildFile; fileRef = 8D3AF01A29FB181200976763 /* UIViewPreview.swift */; };
		8D4716AD299D660000079790 /* Coordinator.swift in Sources */ = {isa = PBXBuildFile; fileRef = 8D4716AC299D660000079790 /* Coordinator.swift */; };
		8D4716B0299D726500079790 /* UIViewController+.swift in Sources */ = {isa = PBXBuildFile; fileRef = 8D4716AF299D726500079790 /* UIViewController+.swift */; };
		8D4716B4299D7D3400079790 /* UITextField+.swift in Sources */ = {isa = PBXBuildFile; fileRef = 8D4716B3299D7D3300079790 /* UITextField+.swift */; };
		8D4716BD299D800000079790 /* IncomeViewController.swift in Sources */ = {isa = PBXBuildFile; fileRef = 8D4716BC299D800000079790 /* IncomeViewController.swift */; };
		8D4716BF299D800800079790 /* IncomeView.swift in Sources */ = {isa = PBXBuildFile; fileRef = 8D4716BE299D800800079790 /* IncomeView.swift */; };
		8D4716C5299D80AC00079790 /* ResultViewController.swift in Sources */ = {isa = PBXBuildFile; fileRef = 8D4716C4299D80AC00079790 /* ResultViewController.swift */; };
		8D4716C7299D80B300079790 /* ResultView.swift in Sources */ = {isa = PBXBuildFile; fileRef = 8D4716C6299D80B300079790 /* ResultView.swift */; };
		8D4716CA299D820400079790 /* ExpensesView.swift in Sources */ = {isa = PBXBuildFile; fileRef = 8D4716C9299D820400079790 /* ExpensesView.swift */; };
		8D4716CC299D820F00079790 /* ExpensesViewController.swift in Sources */ = {isa = PBXBuildFile; fileRef = 8D4716CB299D820F00079790 /* ExpensesViewController.swift */; };
		8D4716CE299D8C0100079790 /* HomeCoordinator.swift in Sources */ = {isa = PBXBuildFile; fileRef = 8D4716CD299D8C0100079790 /* HomeCoordinator.swift */; };
		8D4716DD299E79BB00079790 /* CurrencyFormatter in Frameworks */ = {isa = PBXBuildFile; productRef = 8D4716DC299E79BB00079790 /* CurrencyFormatter */; };
		8D4716DF299E79BB00079790 /* CurrencyText in Frameworks */ = {isa = PBXBuildFile; productRef = 8D4716DE299E79BB00079790 /* CurrencyText */; };
		8D4716E2299EBD8E00079790 /* UILabel+.swift in Sources */ = {isa = PBXBuildFile; fileRef = 8D4716E1299EBD8E00079790 /* UILabel+.swift */; };
		8D4716E4299EE60E00079790 /* UIResponder+.swift in Sources */ = {isa = PBXBuildFile; fileRef = 8D4716E3299EE60E00079790 /* UIResponder+.swift */; };
		8D4716E6299FB4BC00079790 /* BaseNavigationController.swift in Sources */ = {isa = PBXBuildFile; fileRef = 8D4716E5299FB4BC00079790 /* BaseNavigationController.swift */; };
		8D4716E8299FC3BA00079790 /* HomeViewModel.swift in Sources */ = {isa = PBXBuildFile; fileRef = 8D4716E7299FC3BA00079790 /* HomeViewModel.swift */; };
		8D4716EA29A00DAC00079790 /* RootCoordinator.swift in Sources */ = {isa = PBXBuildFile; fileRef = 8D4716E929A00DAC00079790 /* RootCoordinator.swift */; };
		8D4716EC29A0118400079790 /* IncomeViewModel.swift in Sources */ = {isa = PBXBuildFile; fileRef = 8D4716EB29A0118400079790 /* IncomeViewModel.swift */; };
		8D4716EE29A0434000079790 /* ExpensesViewModel.swift in Sources */ = {isa = PBXBuildFile; fileRef = 8D4716ED29A0434000079790 /* ExpensesViewModel.swift */; };
		8D4716F029A0486300079790 /* ResultViewModel.swift in Sources */ = {isa = PBXBuildFile; fileRef = 8D4716EF29A0486300079790 /* ResultViewModel.swift */; };
		8D4716F429A3C9EB00079790 /* Currency+.swift in Sources */ = {isa = PBXBuildFile; fileRef = 8D4716F329A3C9EB00079790 /* Currency+.swift */; };
		8D740227299D494E008BFE17 /* AppDelegate.swift in Sources */ = {isa = PBXBuildFile; fileRef = 8D740226299D494E008BFE17 /* AppDelegate.swift */; };
		8D740229299D494E008BFE17 /* SceneDelegate.swift in Sources */ = {isa = PBXBuildFile; fileRef = 8D740228299D494E008BFE17 /* SceneDelegate.swift */; };
		8D740233299D4950008BFE17 /* LaunchScreen.storyboard in Resources */ = {isa = PBXBuildFile; fileRef = 8D740231299D4950008BFE17 /* LaunchScreen.storyboard */; };
		8D740240299D4C22008BFE17 /* HomeViewController.swift in Sources */ = {isa = PBXBuildFile; fileRef = 8D74023F299D4C22008BFE17 /* HomeViewController.swift */; };
		8D740242299D4C32008BFE17 /* HomeView.swift in Sources */ = {isa = PBXBuildFile; fileRef = 8D740241299D4C32008BFE17 /* HomeView.swift */; };
		8D78C4B22A097E4500EFFFFB /* ResultTableViewCell.swift in Sources */ = {isa = PBXBuildFile; fileRef = 8D78C4B12A097E4500EFFFFB /* ResultTableViewCell.swift */; };
		8D81590A29C4AB5C008B4D20 /* ExpensesViewModel_Tests.swift in Sources */ = {isa = PBXBuildFile; fileRef = 8D81590929C4AB5C008B4D20 /* ExpensesViewModel_Tests.swift */; };
		8D81590D29C4E4D5008B4D20 /* ResultViewModel_Tests.swift in Sources */ = {isa = PBXBuildFile; fileRef = 8D81590C29C4E4D5008B4D20 /* ResultViewModel_Tests.swift */; };
		8D81591029C4E70A008B4D20 /* IncomeViewModel_Tests.swift in Sources */ = {isa = PBXBuildFile; fileRef = 8D81590F29C4E70A008B4D20 /* IncomeViewModel_Tests.swift */; };
		8D81591329C4EFC2008B4D20 /* UIButton+.swift in Sources */ = {isa = PBXBuildFile; fileRef = 8D81591229C4EFC2008B4D20 /* UIButton+.swift */; };
		8D8A790B29D32B7800C7A127 /* ConsultsViewModel.swift in Sources */ = {isa = PBXBuildFile; fileRef = 8D8A790A29D32B7800C7A127 /* ConsultsViewModel.swift */; };
		8D8A790D29D32B8500C7A127 /* ConsultsViewController.swift in Sources */ = {isa = PBXBuildFile; fileRef = 8D8A790C29D32B8500C7A127 /* ConsultsViewController.swift */; };
		8D8A790F29D32B8C00C7A127 /* ConsultsView.swift in Sources */ = {isa = PBXBuildFile; fileRef = 8D8A790E29D32B8B00C7A127 /* ConsultsView.swift */; };
		8D8A791229D32BAA00C7A127 /* ConsultsViewController_Tests.swift in Sources */ = {isa = PBXBuildFile; fileRef = 8D8A791129D32BAA00C7A127 /* ConsultsViewController_Tests.swift */; };
		8D8A791729D32CBA00C7A127 /* ConsultsViewModel_Tests.swift in Sources */ = {isa = PBXBuildFile; fileRef = 8D8A791629D32CBA00C7A127 /* ConsultsViewModel_Tests.swift */; };
		8D8A791D29D364D700C7A127 /* ConsultTableViewCell.swift in Sources */ = {isa = PBXBuildFile; fileRef = 8D8A791C29D364D700C7A127 /* ConsultTableViewCell.swift */; };
		8D8A792129D3855300C7A127 /* DetailView.swift in Sources */ = {isa = PBXBuildFile; fileRef = 8D8A792029D3855300C7A127 /* DetailView.swift */; };
		8D8A792329D3856500C7A127 /* DetailViewController.swift in Sources */ = {isa = PBXBuildFile; fileRef = 8D8A792229D3856500C7A127 /* DetailViewController.swift */; };
		8D8A792529D3856E00C7A127 /* DetailViewModel.swift in Sources */ = {isa = PBXBuildFile; fileRef = 8D8A792429D3856E00C7A127 /* DetailViewModel.swift */; };
		8D9023912A0C177000A61E9C /* SettingsTableViewCell.swift in Sources */ = {isa = PBXBuildFile; fileRef = 8D9023902A0C177000A61E9C /* SettingsTableViewCell.swift */; };
		8DC48AED29F81E5900594A46 /* CalcMEI_Core in Frameworks */ = {isa = PBXBuildFile; productRef = 8DC48AEC29F81E5900594A46 /* CalcMEI_Core */; };
		8DC48AF729F866C700594A46 /* Configuration.swift in Sources */ = {isa = PBXBuildFile; fileRef = 8DC48AF629F866C700594A46 /* Configuration.swift */; };
		8DD9736A2A1AD26300479F79 /* UINavigationBar+.swift in Sources */ = {isa = PBXBuildFile; fileRef = 8DD973692A1AD26300479F79 /* UINavigationBar+.swift */; };
		8DE7C7F529F2EFC800161DFC /* UIView+.swift in Sources */ = {isa = PBXBuildFile; fileRef = 8DE7C7F429F2EFC800161DFC /* UIView+.swift */; };
		8DE7C7FB29F40CBE00161DFC /* CustomFormContainer.swift in Sources */ = {isa = PBXBuildFile; fileRef = 8DE7C7FA29F40CBE00161DFC /* CustomFormContainer.swift */; };
		8DFCAFE329C92AE20053D852 /* SettingsView.swift in Sources */ = {isa = PBXBuildFile; fileRef = 8DFCAFE229C92AE20053D852 /* SettingsView.swift */; };
		8DFCAFE529C92AEF0053D852 /* SettingsViewController.swift in Sources */ = {isa = PBXBuildFile; fileRef = 8DFCAFE429C92AEF0053D852 /* SettingsViewController.swift */; };
		8DFCAFE729C92AF80053D852 /* SettingsViewModel.swift in Sources */ = {isa = PBXBuildFile; fileRef = 8DFCAFE629C92AF80053D852 /* SettingsViewModel.swift */; };
		8DFCAFEA29CA71F40053D852 /* SettingsViewModel_Tests.swift in Sources */ = {isa = PBXBuildFile; fileRef = 8DFCAFE929CA71F40053D852 /* SettingsViewModel_Tests.swift */; };
		8DFCB00829CCDBFE0053D852 /* ItemDetailView.swift in Sources */ = {isa = PBXBuildFile; fileRef = 8DFCB00729CCDBFE0053D852 /* ItemDetailView.swift */; };
		8DFCB00A29CCDC070053D852 /* ItemDetailViewController.swift in Sources */ = {isa = PBXBuildFile; fileRef = 8DFCB00929CCDC070053D852 /* ItemDetailViewController.swift */; };
		8DFCB00C29CCDC120053D852 /* ItemDetailViewModel.swift in Sources */ = {isa = PBXBuildFile; fileRef = 8DFCB00B29CCDC120053D852 /* ItemDetailViewModel.swift */; };
		8DFCB00F29CE63200053D852 /* SaveConsultViewModel_Tests.swift in Sources */ = {isa = PBXBuildFile; fileRef = 8DFCB00E29CE63200053D852 /* SaveConsultViewModel_Tests.swift */; };
/* End PBXBuildFile section */

/* Begin PBXContainerItemProxy section */
		8D09CAE929C0F1B600FB989F /* PBXContainerItemProxy */ = {
			isa = PBXContainerItemProxy;
			containerPortal = 8D74021B299D494E008BFE17 /* Project object */;
			proxyType = 1;
			remoteGlobalIDString = 8D740222299D494E008BFE17;
			remoteInfo = calcMEI;
		};
/* End PBXContainerItemProxy section */

/* Begin PBXFileReference section */
		8D036C3229EDDD670079F4B1 /* swiftgen.yml */ = {isa = PBXFileReference; lastKnownFileType = text.yaml; path = swiftgen.yml; sourceTree = "<group>"; };
		8D036C3829EDDE6F0079F4B1 /* Localizable.strings */ = {isa = PBXFileReference; lastKnownFileType = text.plist.strings; path = Localizable.strings; sourceTree = "<group>"; };
		8D036C3A29EDDFAF0079F4B1 /* Colors.xcassets */ = {isa = PBXFileReference; lastKnownFileType = folder.assetcatalog; path = Colors.xcassets; sourceTree = "<group>"; };
		8D036C3C29EDDFEC0079F4B1 /* Images.xcassets */ = {isa = PBXFileReference; lastKnownFileType = folder.assetcatalog; path = Images.xcassets; sourceTree = "<group>"; };
		8D036C3E29EDE1DA0079F4B1 /* Strings.swift */ = {isa = PBXFileReference; lastKnownFileType = sourcecode.swift; path = Strings.swift; sourceTree = "<group>"; };
		8D036C4029EDE1E90079F4B1 /* Assets.swift */ = {isa = PBXFileReference; lastKnownFileType = sourcecode.swift; path = Assets.swift; sourceTree = "<group>"; };
		8D3562F929EB6B79008D92D7 /* CountFixture.swift */ = {isa = PBXFileReference; lastKnownFileType = sourcecode.swift; path = CountFixture.swift; sourceTree = "<group>"; };
		8D3562FC29EB6CD5008D92D7 /* ConsultServiceSpy.swift */ = {isa = PBXFileReference; lastKnownFileType = sourcecode.swift; path = ConsultServiceSpy.swift; sourceTree = "<group>"; };
		8D3AF01829FB0E2800976763 /* UIViewControllerPreview.swift */ = {isa = PBXFileReference; lastKnownFileType = sourcecode.swift; path = UIViewControllerPreview.swift; sourceTree = "<group>"; };
		8D3AF01A29FB181200976763 /* UIViewPreview.swift */ = {isa = PBXFileReference; lastKnownFileType = sourcecode.swift; path = UIViewPreview.swift; sourceTree = "<group>"; };
		8D4716AC299D660000079790 /* Coordinator.swift */ = {isa = PBXFileReference; lastKnownFileType = sourcecode.swift; path = Coordinator.swift; sourceTree = "<group>"; };
		8D4716AF299D726500079790 /* UIViewController+.swift */ = {isa = PBXFileReference; lastKnownFileType = sourcecode.swift; path = "UIViewController+.swift"; sourceTree = "<group>"; };
		8D4716B3299D7D3300079790 /* UITextField+.swift */ = {isa = PBXFileReference; lastKnownFileType = sourcecode.swift; path = "UITextField+.swift"; sourceTree = "<group>"; };
		8D4716BC299D800000079790 /* IncomeViewController.swift */ = {isa = PBXFileReference; lastKnownFileType = sourcecode.swift; path = IncomeViewController.swift; sourceTree = "<group>"; };
		8D4716BE299D800800079790 /* IncomeView.swift */ = {isa = PBXFileReference; lastKnownFileType = sourcecode.swift; path = IncomeView.swift; sourceTree = "<group>"; };
		8D4716C4299D80AC00079790 /* ResultViewController.swift */ = {isa = PBXFileReference; lastKnownFileType = sourcecode.swift; path = ResultViewController.swift; sourceTree = "<group>"; };
		8D4716C6299D80B300079790 /* ResultView.swift */ = {isa = PBXFileReference; lastKnownFileType = sourcecode.swift; path = ResultView.swift; sourceTree = "<group>"; };
		8D4716C9299D820400079790 /* ExpensesView.swift */ = {isa = PBXFileReference; lastKnownFileType = sourcecode.swift; path = ExpensesView.swift; sourceTree = "<group>"; };
		8D4716CB299D820F00079790 /* ExpensesViewController.swift */ = {isa = PBXFileReference; lastKnownFileType = sourcecode.swift; path = ExpensesViewController.swift; sourceTree = "<group>"; };
		8D4716CD299D8C0100079790 /* HomeCoordinator.swift */ = {isa = PBXFileReference; lastKnownFileType = sourcecode.swift; path = HomeCoordinator.swift; sourceTree = "<group>"; };
		8D4716E1299EBD8E00079790 /* UILabel+.swift */ = {isa = PBXFileReference; lastKnownFileType = sourcecode.swift; path = "UILabel+.swift"; sourceTree = "<group>"; };
		8D4716E3299EE60E00079790 /* UIResponder+.swift */ = {isa = PBXFileReference; lastKnownFileType = sourcecode.swift; path = "UIResponder+.swift"; sourceTree = "<group>"; };
		8D4716E5299FB4BC00079790 /* BaseNavigationController.swift */ = {isa = PBXFileReference; lastKnownFileType = sourcecode.swift; path = BaseNavigationController.swift; sourceTree = "<group>"; };
		8D4716E7299FC3BA00079790 /* HomeViewModel.swift */ = {isa = PBXFileReference; lastKnownFileType = sourcecode.swift; path = HomeViewModel.swift; sourceTree = "<group>"; };
		8D4716E929A00DAC00079790 /* RootCoordinator.swift */ = {isa = PBXFileReference; lastKnownFileType = sourcecode.swift; path = RootCoordinator.swift; sourceTree = "<group>"; };
		8D4716EB29A0118400079790 /* IncomeViewModel.swift */ = {isa = PBXFileReference; lastKnownFileType = sourcecode.swift; path = IncomeViewModel.swift; sourceTree = "<group>"; };
		8D4716ED29A0434000079790 /* ExpensesViewModel.swift */ = {isa = PBXFileReference; lastKnownFileType = sourcecode.swift; path = ExpensesViewModel.swift; sourceTree = "<group>"; };
		8D4716EF29A0486300079790 /* ResultViewModel.swift */ = {isa = PBXFileReference; lastKnownFileType = sourcecode.swift; path = ResultViewModel.swift; sourceTree = "<group>"; };
		8D4716F329A3C9EB00079790 /* Currency+.swift */ = {isa = PBXFileReference; lastKnownFileType = sourcecode.swift; path = "Currency+.swift"; sourceTree = "<group>"; };
		8D740226299D494E008BFE17 /* AppDelegate.swift */ = {isa = PBXFileReference; lastKnownFileType = sourcecode.swift; path = AppDelegate.swift; sourceTree = "<group>"; };
		8D740228299D494E008BFE17 /* SceneDelegate.swift */ = {isa = PBXFileReference; lastKnownFileType = sourcecode.swift; path = SceneDelegate.swift; sourceTree = "<group>"; };
		8D740232299D4950008BFE17 /* Base */ = {isa = PBXFileReference; lastKnownFileType = file.storyboard; name = Base; path = Base.lproj/LaunchScreen.storyboard; sourceTree = "<group>"; };
		8D740234299D4950008BFE17 /* Info.plist */ = {isa = PBXFileReference; lastKnownFileType = text.plist.xml; path = Info.plist; sourceTree = "<group>"; };
		8D74023F299D4C22008BFE17 /* HomeViewController.swift */ = {isa = PBXFileReference; lastKnownFileType = sourcecode.swift; path = HomeViewController.swift; sourceTree = "<group>"; };
		8D740241299D4C32008BFE17 /* HomeView.swift */ = {isa = PBXFileReference; lastKnownFileType = sourcecode.swift; path = HomeView.swift; sourceTree = "<group>"; };
		8D78C4B12A097E4500EFFFFB /* ResultTableViewCell.swift */ = {isa = PBXFileReference; lastKnownFileType = sourcecode.swift; path = ResultTableViewCell.swift; sourceTree = "<group>"; };
		8D81590929C4AB5C008B4D20 /* ExpensesViewModel_Tests.swift */ = {isa = PBXFileReference; lastKnownFileType = sourcecode.swift; path = ExpensesViewModel_Tests.swift; sourceTree = "<group>"; };
		8D81590C29C4E4D5008B4D20 /* ResultViewModel_Tests.swift */ = {isa = PBXFileReference; lastKnownFileType = sourcecode.swift; path = ResultViewModel_Tests.swift; sourceTree = "<group>"; };
		8D81590F29C4E70A008B4D20 /* IncomeViewModel_Tests.swift */ = {isa = PBXFileReference; lastKnownFileType = sourcecode.swift; path = IncomeViewModel_Tests.swift; sourceTree = "<group>"; };
		8D81591229C4EFC2008B4D20 /* UIButton+.swift */ = {isa = PBXFileReference; lastKnownFileType = sourcecode.swift; path = "UIButton+.swift"; sourceTree = "<group>"; };
		8D8A790A29D32B7800C7A127 /* ConsultsViewModel.swift */ = {isa = PBXFileReference; lastKnownFileType = sourcecode.swift; path = ConsultsViewModel.swift; sourceTree = "<group>"; };
		8D8A790C29D32B8500C7A127 /* ConsultsViewController.swift */ = {isa = PBXFileReference; lastKnownFileType = sourcecode.swift; path = ConsultsViewController.swift; sourceTree = "<group>"; };
		8D8A790E29D32B8B00C7A127 /* ConsultsView.swift */ = {isa = PBXFileReference; lastKnownFileType = sourcecode.swift; path = ConsultsView.swift; sourceTree = "<group>"; };
		8D8A791129D32BAA00C7A127 /* ConsultsViewController_Tests.swift */ = {isa = PBXFileReference; lastKnownFileType = sourcecode.swift; path = ConsultsViewController_Tests.swift; sourceTree = "<group>"; };
		8D8A791629D32CBA00C7A127 /* ConsultsViewModel_Tests.swift */ = {isa = PBXFileReference; lastKnownFileType = sourcecode.swift; path = ConsultsViewModel_Tests.swift; sourceTree = "<group>"; };
		8D8A791C29D364D700C7A127 /* ConsultTableViewCell.swift */ = {isa = PBXFileReference; lastKnownFileType = sourcecode.swift; path = ConsultTableViewCell.swift; sourceTree = "<group>"; };
		8D8A792029D3855300C7A127 /* DetailView.swift */ = {isa = PBXFileReference; lastKnownFileType = sourcecode.swift; path = DetailView.swift; sourceTree = "<group>"; };
		8D8A792229D3856500C7A127 /* DetailViewController.swift */ = {isa = PBXFileReference; lastKnownFileType = sourcecode.swift; path = DetailViewController.swift; sourceTree = "<group>"; };
		8D8A792429D3856E00C7A127 /* DetailViewModel.swift */ = {isa = PBXFileReference; lastKnownFileType = sourcecode.swift; path = DetailViewModel.swift; sourceTree = "<group>"; };
		8D9023902A0C177000A61E9C /* SettingsTableViewCell.swift */ = {isa = PBXFileReference; lastKnownFileType = sourcecode.swift; path = SettingsTableViewCell.swift; sourceTree = "<group>"; };
		8DC48AEB29F81A2600594A46 /* CalcMEI_Core */ = {isa = PBXFileReference; lastKnownFileType = wrapper; path = CalcMEI_Core; sourceTree = "<group>"; };
		8DC48AEE29F8595800594A46 /* Debug.xcconfig */ = {isa = PBXFileReference; lastKnownFileType = text.xcconfig; path = Debug.xcconfig; sourceTree = "<group>"; };
		8DC48AEF29F85CBF00594A46 /* calcMEI.app */ = {isa = PBXFileReference; explicitFileType = wrapper.application; includeInIndex = 0; path = calcMEI.app; sourceTree = BUILT_PRODUCTS_DIR; };
		8DC48AF029F85CBF00594A46 /* calcMEITests.xctest */ = {isa = PBXFileReference; explicitFileType = wrapper.cfbundle; includeInIndex = 0; path = calcMEITests.xctest; sourceTree = BUILT_PRODUCTS_DIR; };
		8DC48AF629F866C700594A46 /* Configuration.swift */ = {isa = PBXFileReference; lastKnownFileType = sourcecode.swift; path = Configuration.swift; sourceTree = "<group>"; };
		8DC48AF829F86A2400594A46 /* Release.xcconfig */ = {isa = PBXFileReference; lastKnownFileType = text.xcconfig; path = Release.xcconfig; sourceTree = "<group>"; };
		8DC48AF929F86CA700594A46 /* Base.xcconfig */ = {isa = PBXFileReference; lastKnownFileType = text.xcconfig; path = Base.xcconfig; sourceTree = "<group>"; };
		8DD973692A1AD26300479F79 /* UINavigationBar+.swift */ = {isa = PBXFileReference; lastKnownFileType = sourcecode.swift; path = "UINavigationBar+.swift"; sourceTree = "<group>"; };
		8DE7C7F429F2EFC800161DFC /* UIView+.swift */ = {isa = PBXFileReference; lastKnownFileType = sourcecode.swift; path = "UIView+.swift"; sourceTree = "<group>"; };
		8DE7C7FA29F40CBE00161DFC /* CustomFormContainer.swift */ = {isa = PBXFileReference; lastKnownFileType = sourcecode.swift; path = CustomFormContainer.swift; sourceTree = "<group>"; };
		8DFCAFE229C92AE20053D852 /* SettingsView.swift */ = {isa = PBXFileReference; lastKnownFileType = sourcecode.swift; path = SettingsView.swift; sourceTree = "<group>"; };
		8DFCAFE429C92AEF0053D852 /* SettingsViewController.swift */ = {isa = PBXFileReference; lastKnownFileType = sourcecode.swift; path = SettingsViewController.swift; sourceTree = "<group>"; };
		8DFCAFE629C92AF80053D852 /* SettingsViewModel.swift */ = {isa = PBXFileReference; lastKnownFileType = sourcecode.swift; path = SettingsViewModel.swift; sourceTree = "<group>"; };
		8DFCAFE929CA71F40053D852 /* SettingsViewModel_Tests.swift */ = {isa = PBXFileReference; lastKnownFileType = sourcecode.swift; path = SettingsViewModel_Tests.swift; sourceTree = "<group>"; };
		8DFCB00729CCDBFE0053D852 /* ItemDetailView.swift */ = {isa = PBXFileReference; lastKnownFileType = sourcecode.swift; path = ItemDetailView.swift; sourceTree = "<group>"; };
		8DFCB00929CCDC070053D852 /* ItemDetailViewController.swift */ = {isa = PBXFileReference; lastKnownFileType = sourcecode.swift; path = ItemDetailViewController.swift; sourceTree = "<group>"; };
		8DFCB00B29CCDC120053D852 /* ItemDetailViewModel.swift */ = {isa = PBXFileReference; lastKnownFileType = sourcecode.swift; path = ItemDetailViewModel.swift; sourceTree = "<group>"; };
		8DFCB00E29CE63200053D852 /* SaveConsultViewModel_Tests.swift */ = {isa = PBXFileReference; lastKnownFileType = sourcecode.swift; path = SaveConsultViewModel_Tests.swift; sourceTree = "<group>"; };
/* End PBXFileReference section */

/* Begin PBXFrameworksBuildPhase section */
		8D09CAE229C0F1B600FB989F /* Frameworks */ = {
			isa = PBXFrameworksBuildPhase;
			buildActionMask = 2147483647;
			files = (
			);
			runOnlyForDeploymentPostprocessing = 0;
		};
		8D740220299D494E008BFE17 /* Frameworks */ = {
			isa = PBXFrameworksBuildPhase;
			buildActionMask = 2147483647;
			files = (
				8DC48AED29F81E5900594A46 /* CalcMEI_Core in Frameworks */,
				8D4716DF299E79BB00079790 /* CurrencyText in Frameworks */,
				8D4716DD299E79BB00079790 /* CurrencyFormatter in Frameworks */,
			);
			runOnlyForDeploymentPostprocessing = 0;
		};
/* End PBXFrameworksBuildPhase section */

/* Begin PBXGroup section */
		8D036C3129EDDD4C0079F4B1 /* SwiftGen */ = {
			isa = PBXGroup;
			children = (
				8D036C3229EDDD670079F4B1 /* swiftgen.yml */,
				8D036C4029EDE1E90079F4B1 /* Assets.swift */,
				8D036C3E29EDE1DA0079F4B1 /* Strings.swift */,
			);
			path = SwiftGen;
			sourceTree = "<group>";
		};
		8D036C3729EDDE5E0079F4B1 /* Resources */ = {
			isa = PBXGroup;
			children = (
				8DC48AF929F86CA700594A46 /* Base.xcconfig */,
				8DC48AEE29F8595800594A46 /* Debug.xcconfig */,
				8DC48AF829F86A2400594A46 /* Release.xcconfig */,
				8D036C3829EDDE6F0079F4B1 /* Localizable.strings */,
				8D036C3A29EDDFAF0079F4B1 /* Colors.xcassets */,
				8D036C3C29EDDFEC0079F4B1 /* Images.xcassets */,
				8D740231299D4950008BFE17 /* LaunchScreen.storyboard */,
			);
			path = Resources;
			sourceTree = "<group>";
		};
		8D036C4329EE05440079F4B1 /* Extensions */ = {
			isa = PBXGroup;
			children = (
				8D4716AF299D726500079790 /* UIViewController+.swift */,
				8D4716F329A3C9EB00079790 /* Currency+.swift */,
				8D4716B3299D7D3300079790 /* UITextField+.swift */,
				8D4716E1299EBD8E00079790 /* UILabel+.swift */,
				8D4716E3299EE60E00079790 /* UIResponder+.swift */,
				8D81591229C4EFC2008B4D20 /* UIButton+.swift */,
				8DE7C7F429F2EFC800161DFC /* UIView+.swift */,
				8DD973692A1AD26300479F79 /* UINavigationBar+.swift */,
			);
			path = Extensions;
			sourceTree = "<group>";
		};
		8D036C4429EE05750079F4B1 /* Coordinator */ = {
			isa = PBXGroup;
			children = (
				8D4716AC299D660000079790 /* Coordinator.swift */,
				8D4716E929A00DAC00079790 /* RootCoordinator.swift */,
				8D4716CD299D8C0100079790 /* HomeCoordinator.swift */,
			);
			path = Coordinator;
			sourceTree = "<group>";
		};
		8D036C4529EE05910079F4B1 /* Views */ = {
			isa = PBXGroup;
			children = (
				8D036C4729EE05CF0079F4B1 /* Components */,
				8D036C4929EE05E80079F4B1 /* Settings */,
				8D036C4629EE05A60079F4B1 /* Home */,
				8D036C4A29EE05FF0079F4B1 /* Income */,
				8D036C4B29EE06140079F4B1 /* Expenses */,
				8D036C4C29EE06240079F4B1 /* Result */,
				8D036C4D29EE062D0079F4B1 /* ItemDetail */,
				8D036C4E29EE063A0079F4B1 /* Consults */,
				8D036C5029EE06550079F4B1 /* Details */,
			);
			path = Views;
			sourceTree = "<group>";
		};
		8D036C4629EE05A60079F4B1 /* Home */ = {
			isa = PBXGroup;
			children = (
				8D4716E7299FC3BA00079790 /* HomeViewModel.swift */,
				8D74023F299D4C22008BFE17 /* HomeViewController.swift */,
				8D740241299D4C32008BFE17 /* HomeView.swift */,
			);
			path = Home;
			sourceTree = "<group>";
		};
		8D036C4729EE05CF0079F4B1 /* Components */ = {
			isa = PBXGroup;
			children = (
				8D4716E5299FB4BC00079790 /* BaseNavigationController.swift */,
				8DE7C7FA29F40CBE00161DFC /* CustomFormContainer.swift */,
			);
			path = Components;
			sourceTree = "<group>";
		};
		8D036C4929EE05E80079F4B1 /* Settings */ = {
			isa = PBXGroup;
			children = (
				8D90238F2A0C175900A61E9C /* Cell */,
				8DFCAFE629C92AF80053D852 /* SettingsViewModel.swift */,
				8DFCAFE429C92AEF0053D852 /* SettingsViewController.swift */,
				8DFCAFE229C92AE20053D852 /* SettingsView.swift */,
			);
			path = Settings;
			sourceTree = "<group>";
		};
		8D036C4A29EE05FF0079F4B1 /* Income */ = {
			isa = PBXGroup;
			children = (
				8D4716EB29A0118400079790 /* IncomeViewModel.swift */,
				8D4716BC299D800000079790 /* IncomeViewController.swift */,
				8D4716BE299D800800079790 /* IncomeView.swift */,
			);
			path = Income;
			sourceTree = "<group>";
		};
		8D036C4B29EE06140079F4B1 /* Expenses */ = {
			isa = PBXGroup;
			children = (
				8D4716ED29A0434000079790 /* ExpensesViewModel.swift */,
				8D4716CB299D820F00079790 /* ExpensesViewController.swift */,
				8D4716C9299D820400079790 /* ExpensesView.swift */,
			);
			path = Expenses;
			sourceTree = "<group>";
		};
		8D036C4C29EE06240079F4B1 /* Result */ = {
			isa = PBXGroup;
			children = (
				8D78C4B02A097D9800EFFFFB /* Cell */,
				8D4716EF29A0486300079790 /* ResultViewModel.swift */,
				8D4716C4299D80AC00079790 /* ResultViewController.swift */,
				8D4716C6299D80B300079790 /* ResultView.swift */,
			);
			path = Result;
			sourceTree = "<group>";
		};
		8D036C4D29EE062D0079F4B1 /* ItemDetail */ = {
			isa = PBXGroup;
			children = (
				8DFCB00B29CCDC120053D852 /* ItemDetailViewModel.swift */,
				8DFCB00929CCDC070053D852 /* ItemDetailViewController.swift */,
				8DFCB00729CCDBFE0053D852 /* ItemDetailView.swift */,
			);
			path = ItemDetail;
			sourceTree = "<group>";
		};
		8D036C4E29EE063A0079F4B1 /* Consults */ = {
			isa = PBXGroup;
			children = (
				8D036C4F29EE06440079F4B1 /* Cell */,
				8D8A790A29D32B7800C7A127 /* ConsultsViewModel.swift */,
				8D8A790C29D32B8500C7A127 /* ConsultsViewController.swift */,
				8D8A790E29D32B8B00C7A127 /* ConsultsView.swift */,
			);
			path = Consults;
			sourceTree = "<group>";
		};
		8D036C4F29EE06440079F4B1 /* Cell */ = {
			isa = PBXGroup;
			children = (
				8D8A791C29D364D700C7A127 /* ConsultTableViewCell.swift */,
			);
			path = Cell;
			sourceTree = "<group>";
		};
		8D036C5029EE06550079F4B1 /* Details */ = {
			isa = PBXGroup;
			children = (
				8D8A792429D3856E00C7A127 /* DetailViewModel.swift */,
				8D8A792229D3856500C7A127 /* DetailViewController.swift */,
				8D8A792029D3855300C7A127 /* DetailView.swift */,
			);
			path = Details;
			sourceTree = "<group>";
		};
		8D09CAE629C0F1B600FB989F /* calcMEITests */ = {
			isa = PBXGroup;
			children = (
				8D3562FB29EB6CC7008D92D7 /* Helpers */,
				8D3562F829EB6AD4008D92D7 /* Fixture */,
				8D81590329C4A8C4008B4D20 /* Views */,
			);
			path = calcMEITests;
			sourceTree = "<group>";
		};
		8D3562F829EB6AD4008D92D7 /* Fixture */ = {
			isa = PBXGroup;
			children = (
				8D3562F929EB6B79008D92D7 /* CountFixture.swift */,
			);
			path = Fixture;
			sourceTree = "<group>";
		};
		8D3562FB29EB6CC7008D92D7 /* Helpers */ = {
			isa = PBXGroup;
			children = (
				8D3562FC29EB6CD5008D92D7 /* ConsultServiceSpy.swift */,
			);
			path = Helpers;
			sourceTree = "<group>";
		};
		8D74021A299D494E008BFE17 = {
			isa = PBXGroup;
			children = (
				8D740225299D494E008BFE17 /* calcMEI */,
				8D09CAE629C0F1B600FB989F /* calcMEITests */,
				8DC48AEB29F81A2600594A46 /* CalcMEI_Core */,
				8DC48AEF29F85CBF00594A46 /* calcMEI.app */,
				8DC48AF029F85CBF00594A46 /* calcMEITests.xctest */,
			);
			sourceTree = "<group>";
		};
		8D740225299D494E008BFE17 /* calcMEI */ = {
			isa = PBXGroup;
			children = (
				8D740226299D494E008BFE17 /* AppDelegate.swift */,
				8D740228299D494E008BFE17 /* SceneDelegate.swift */,
				8D036C3729EDDE5E0079F4B1 /* Resources */,
				8DC48AF529F866B600594A46 /* Utilities */,
				8D036C3129EDDD4C0079F4B1 /* SwiftGen */,
				8D036C4329EE05440079F4B1 /* Extensions */,
				8D036C4429EE05750079F4B1 /* Coordinator */,
				8D036C4529EE05910079F4B1 /* Views */,
				8D740234299D4950008BFE17 /* Info.plist */,
			);
			path = calcMEI;
			sourceTree = "<group>";
		};
		8D78C4B02A097D9800EFFFFB /* Cell */ = {
			isa = PBXGroup;
			children = (
				8D78C4B12A097E4500EFFFFB /* ResultTableViewCell.swift */,
			);
			path = Cell;
			sourceTree = "<group>";
		};
		8D81590329C4A8C4008B4D20 /* Views */ = {
			isa = PBXGroup;
			children = (
				8DFCAFE829CA71D80053D852 /* Settings */,
				8D81590E29C4E6F8008B4D20 /* Income */,
				8D81590829C4AB46008B4D20 /* Expenses */,
				8D81590B29C4E4A3008B4D20 /* Result */,
				8DFCB00D29CE63000053D852 /* SaveConsult */,
				8D8A791029D32B9300C7A127 /* Consults */,
			);
			path = Views;
			sourceTree = "<group>";
		};
		8D81590829C4AB46008B4D20 /* Expenses */ = {
			isa = PBXGroup;
			children = (
				8D81590929C4AB5C008B4D20 /* ExpensesViewModel_Tests.swift */,
			);
			path = Expenses;
			sourceTree = "<group>";
		};
		8D81590B29C4E4A3008B4D20 /* Result */ = {
			isa = PBXGroup;
			children = (
				8D81590C29C4E4D5008B4D20 /* ResultViewModel_Tests.swift */,
			);
			path = Result;
			sourceTree = "<group>";
		};
		8D81590E29C4E6F8008B4D20 /* Income */ = {
			isa = PBXGroup;
			children = (
				8D81590F29C4E70A008B4D20 /* IncomeViewModel_Tests.swift */,
			);
			path = Income;
			sourceTree = "<group>";
		};
		8D8A791029D32B9300C7A127 /* Consults */ = {
			isa = PBXGroup;
			children = (
				8D8A791129D32BAA00C7A127 /* ConsultsViewController_Tests.swift */,
				8D8A791629D32CBA00C7A127 /* ConsultsViewModel_Tests.swift */,
			);
			path = Consults;
			sourceTree = "<group>";
		};
		8D90238F2A0C175900A61E9C /* Cell */ = {
			isa = PBXGroup;
			children = (
				8D9023902A0C177000A61E9C /* SettingsTableViewCell.swift */,
			);
			path = Cell;
			sourceTree = "<group>";
		};
		8DC48AF529F866B600594A46 /* Utilities */ = {
			isa = PBXGroup;
			children = (
				8DC48AF629F866C700594A46 /* Configuration.swift */,
				8D3AF01829FB0E2800976763 /* UIViewControllerPreview.swift */,
				8D3AF01A29FB181200976763 /* UIViewPreview.swift */,
			);
			path = Utilities;
			sourceTree = "<group>";
		};
		8DFCAFE829CA71D80053D852 /* Settings */ = {
			isa = PBXGroup;
			children = (
				8DFCAFE929CA71F40053D852 /* SettingsViewModel_Tests.swift */,
			);
			path = Settings;
			sourceTree = "<group>";
		};
		8DFCB00D29CE63000053D852 /* SaveConsult */ = {
			isa = PBXGroup;
			children = (
				8DFCB00E29CE63200053D852 /* SaveConsultViewModel_Tests.swift */,
			);
			path = SaveConsult;
			sourceTree = "<group>";
		};
/* End PBXGroup section */

/* Begin PBXNativeTarget section */
		8D09CAE429C0F1B600FB989F /* calcMEITests */ = {
			isa = PBXNativeTarget;
			buildConfigurationList = 8D09CAED29C0F1B600FB989F /* Build configuration list for PBXNativeTarget "calcMEITests" */;
			buildPhases = (
				8D09CAE129C0F1B600FB989F /* Sources */,
				8D09CAE229C0F1B600FB989F /* Frameworks */,
				8D09CAE329C0F1B600FB989F /* Resources */,
			);
			buildRules = (
			);
			dependencies = (
				8D09CAEA29C0F1B600FB989F /* PBXTargetDependency */,
			);
			name = calcMEITests;
			productName = calcMEITests;
			productReference = 8DC48AF029F85CBF00594A46 /* calcMEITests.xctest */;
			productType = "com.apple.product-type.bundle.unit-test";
		};
		8D740222299D494E008BFE17 /* calcMEI */ = {
			isa = PBXNativeTarget;
			buildConfigurationList = 8D740237299D4950008BFE17 /* Build configuration list for PBXNativeTarget "calcMEI" */;
			buildPhases = (
				8D036C4229EDE5650079F4B1 /* SwiftGen */,
				8D74021F299D494E008BFE17 /* Sources */,
				8D740220299D494E008BFE17 /* Frameworks */,
				8D740221299D494E008BFE17 /* Resources */,
			);
			buildRules = (
			);
			dependencies = (
			);
			name = calcMEI;
			packageProductDependencies = (
				8D4716DC299E79BB00079790 /* CurrencyFormatter */,
				8D4716DE299E79BB00079790 /* CurrencyText */,
				8DC48AEC29F81E5900594A46 /* CalcMEI_Core */,
			);
			productName = calcMEI;
			productReference = 8DC48AEF29F85CBF00594A46 /* calcMEI.app */;
			productType = "com.apple.product-type.application";
		};
/* End PBXNativeTarget section */

/* Begin PBXProject section */
		8D74021B299D494E008BFE17 /* Project object */ = {
			isa = PBXProject;
			attributes = {
				BuildIndependentTargetsInParallel = 1;
				LastSwiftUpdateCheck = 1420;
				LastUpgradeCheck = 1420;
				TargetAttributes = {
					8D09CAE429C0F1B600FB989F = {
						CreatedOnToolsVersion = 14.2;
						TestTargetID = 8D740222299D494E008BFE17;
					};
					8D740222299D494E008BFE17 = {
						CreatedOnToolsVersion = 14.2;
					};
				};
			};
			buildConfigurationList = 8D74021E299D494E008BFE17 /* Build configuration list for PBXProject "calcMEI" */;
			compatibilityVersion = "Xcode 14.0";
			developmentRegion = en;
			hasScannedForEncodings = 0;
			knownRegions = (
				en,
				Base,
			);
			mainGroup = 8D74021A299D494E008BFE17;
			packageReferences = (
				8D4716DB299E79BB00079790 /* XCRemoteSwiftPackageReference "CurrencyText" */,
			);
			productRefGroup = 8D74021A299D494E008BFE17;
			projectDirPath = "";
			projectRoot = "";
			targets = (
				8D740222299D494E008BFE17 /* calcMEI */,
				8D09CAE429C0F1B600FB989F /* calcMEITests */,
			);
		};
/* End PBXProject section */

/* Begin PBXResourcesBuildPhase section */
		8D09CAE329C0F1B600FB989F /* Resources */ = {
			isa = PBXResourcesBuildPhase;
			buildActionMask = 2147483647;
			files = (
			);
			runOnlyForDeploymentPostprocessing = 0;
		};
		8D740221299D494E008BFE17 /* Resources */ = {
			isa = PBXResourcesBuildPhase;
			buildActionMask = 2147483647;
			files = (
				8D036C3B29EDDFAF0079F4B1 /* Colors.xcassets in Resources */,
				8D740233299D4950008BFE17 /* LaunchScreen.storyboard in Resources */,
				8D036C3929EDDE6F0079F4B1 /* Localizable.strings in Resources */,
				8D036C3329EDDD670079F4B1 /* swiftgen.yml in Resources */,
				8D036C3D29EDDFEC0079F4B1 /* Images.xcassets in Resources */,
			);
			runOnlyForDeploymentPostprocessing = 0;
		};
/* End PBXResourcesBuildPhase section */

/* Begin PBXShellScriptBuildPhase section */
		8D036C4229EDE5650079F4B1 /* SwiftGen */ = {
			isa = PBXShellScriptBuildPhase;
			alwaysOutOfDate = 1;
			buildActionMask = 2147483647;
			files = (
			);
			inputFileListPaths = (
			);
			inputPaths = (
			);
			name = SwiftGen;
			outputFileListPaths = (
			);
			outputPaths = (
			);
			runOnlyForDeploymentPostprocessing = 0;
			shellPath = /bin/sh;
			shellScript = "export PATH=\"$PATH:/opt/homebrew/bin\"\nif which swiftgen >/dev/null; then\n  swiftgen config run --config calcMEI/SwiftGen/swiftgen.yml\nelse\n  echo \"warning: SwiftGen not installed, download it from https://github.com/SwiftGen/SwiftGen\"\nfi\n";
		};
/* End PBXShellScriptBuildPhase section */

/* Begin PBXSourcesBuildPhase section */
		8D09CAE129C0F1B600FB989F /* Sources */ = {
			isa = PBXSourcesBuildPhase;
			buildActionMask = 2147483647;
			files = (
				8D81590A29C4AB5C008B4D20 /* ExpensesViewModel_Tests.swift in Sources */,
				8DFCAFEA29CA71F40053D852 /* SettingsViewModel_Tests.swift in Sources */,
				8D81590D29C4E4D5008B4D20 /* ResultViewModel_Tests.swift in Sources */,
				8D81591029C4E70A008B4D20 /* IncomeViewModel_Tests.swift in Sources */,
				8D8A791229D32BAA00C7A127 /* ConsultsViewController_Tests.swift in Sources */,
				8D3562FD29EB6CD5008D92D7 /* ConsultServiceSpy.swift in Sources */,
				8D3562FA29EB6B79008D92D7 /* CountFixture.swift in Sources */,
				8D8A791729D32CBA00C7A127 /* ConsultsViewModel_Tests.swift in Sources */,
				8DFCB00F29CE63200053D852 /* SaveConsultViewModel_Tests.swift in Sources */,
			);
			runOnlyForDeploymentPostprocessing = 0;
		};
		8D74021F299D494E008BFE17 /* Sources */ = {
			isa = PBXSourcesBuildPhase;
			buildActionMask = 2147483647;
			files = (
				8DFCB00A29CCDC070053D852 /* ItemDetailViewController.swift in Sources */,
				8D4716C5299D80AC00079790 /* ResultViewController.swift in Sources */,
				8D3AF01929FB0E2800976763 /* UIViewControllerPreview.swift in Sources */,
				8D8A792529D3856E00C7A127 /* DetailViewModel.swift in Sources */,
				8DFCB00C29CCDC120053D852 /* ItemDetailViewModel.swift in Sources */,
				8D3AF01B29FB181200976763 /* UIViewPreview.swift in Sources */,
				8DE7C7F529F2EFC800161DFC /* UIView+.swift in Sources */,
				8DD9736A2A1AD26300479F79 /* UINavigationBar+.swift in Sources */,
				8D4716E2299EBD8E00079790 /* UILabel+.swift in Sources */,
				8D4716EC29A0118400079790 /* IncomeViewModel.swift in Sources */,
				8D8A790D29D32B8500C7A127 /* ConsultsViewController.swift in Sources */,
				8D036C3F29EDE1DA0079F4B1 /* Strings.swift in Sources */,
				8D8A792129D3855300C7A127 /* DetailView.swift in Sources */,
				8D8A791D29D364D700C7A127 /* ConsultTableViewCell.swift in Sources */,
				8D4716CC299D820F00079790 /* ExpensesViewController.swift in Sources */,
				8D4716E8299FC3BA00079790 /* HomeViewModel.swift in Sources */,
				8D8A790F29D32B8C00C7A127 /* ConsultsView.swift in Sources */,
				8D4716F429A3C9EB00079790 /* Currency+.swift in Sources */,
				8D81591329C4EFC2008B4D20 /* UIButton+.swift in Sources */,
				8D4716EE29A0434000079790 /* ExpensesViewModel.swift in Sources */,
				8D4716CE299D8C0100079790 /* HomeCoordinator.swift in Sources */,
				8D9023912A0C177000A61E9C /* SettingsTableViewCell.swift in Sources */,
				8DE7C7FB29F40CBE00161DFC /* CustomFormContainer.swift in Sources */,
				8DFCB00829CCDBFE0053D852 /* ItemDetailView.swift in Sources */,
				8D036C4129EDE1E90079F4B1 /* Assets.swift in Sources */,
				8D740227299D494E008BFE17 /* AppDelegate.swift in Sources */,
				8D4716BF299D800800079790 /* IncomeView.swift in Sources */,
				8D740242299D4C32008BFE17 /* HomeView.swift in Sources */,
				8D4716C7299D80B300079790 /* ResultView.swift in Sources */,
				8D8A790B29D32B7800C7A127 /* ConsultsViewModel.swift in Sources */,
				8D4716E6299FB4BC00079790 /* BaseNavigationController.swift in Sources */,
				8D4716B0299D726500079790 /* UIViewController+.swift in Sources */,
				8DFCAFE729C92AF80053D852 /* SettingsViewModel.swift in Sources */,
				8D8A792329D3856500C7A127 /* DetailViewController.swift in Sources */,
				8DC48AF729F866C700594A46 /* Configuration.swift in Sources */,
				8D4716E4299EE60E00079790 /* UIResponder+.swift in Sources */,
				8D4716EA29A00DAC00079790 /* RootCoordinator.swift in Sources */,
				8D4716BD299D800000079790 /* IncomeViewController.swift in Sources */,
				8D4716AD299D660000079790 /* Coordinator.swift in Sources */,
				8D740229299D494E008BFE17 /* SceneDelegate.swift in Sources */,
				8DFCAFE329C92AE20053D852 /* SettingsView.swift in Sources */,
				8D4716F029A0486300079790 /* ResultViewModel.swift in Sources */,
				8DFCAFE529C92AEF0053D852 /* SettingsViewController.swift in Sources */,
				8D740240299D4C22008BFE17 /* HomeViewController.swift in Sources */,
				8D4716B4299D7D3400079790 /* UITextField+.swift in Sources */,
				8D78C4B22A097E4500EFFFFB /* ResultTableViewCell.swift in Sources */,
				8D4716CA299D820400079790 /* ExpensesView.swift in Sources */,
			);
			runOnlyForDeploymentPostprocessing = 0;
		};
/* End PBXSourcesBuildPhase section */

/* Begin PBXTargetDependency section */
		8D09CAEA29C0F1B600FB989F /* PBXTargetDependency */ = {
			isa = PBXTargetDependency;
			target = 8D740222299D494E008BFE17 /* calcMEI */;
			targetProxy = 8D09CAE929C0F1B600FB989F /* PBXContainerItemProxy */;
		};
/* End PBXTargetDependency section */

/* Begin PBXVariantGroup section */
		8D740231299D4950008BFE17 /* LaunchScreen.storyboard */ = {
			isa = PBXVariantGroup;
			children = (
				8D740232299D4950008BFE17 /* Base */,
			);
			name = LaunchScreen.storyboard;
			sourceTree = "<group>";
		};
/* End PBXVariantGroup section */

/* Begin XCBuildConfiguration section */
		8D09CAEB29C0F1B600FB989F /* Debug */ = {
			isa = XCBuildConfiguration;
			baseConfigurationReference = 8DC48AEE29F8595800594A46 /* Debug.xcconfig */;
			buildSettings = {
				BUNDLE_LOADER = "$(TEST_HOST)";
				CODE_SIGN_STYLE = Automatic;
				CURRENT_PROJECT_VERSION = 1;
				GENERATE_INFOPLIST_FILE = YES;
				IPHONEOS_DEPLOYMENT_TARGET = 13.0;
				MARKETING_VERSION = 1.0;
				PRODUCT_BUNDLE_IDENTIFIER = fre.calcMEITests;
				PRODUCT_NAME = "$(TARGET_NAME)";
				SWIFT_EMIT_LOC_STRINGS = NO;
				SWIFT_VERSION = 5.0;
				TARGETED_DEVICE_FAMILY = "1,2";
				TEST_HOST = "$(BUILT_PRODUCTS_DIR)/calcMEI.app/$(BUNDLE_EXECUTABLE_FOLDER_PATH)/calcMEI";
			};
			name = Debug;
		};
		8D09CAEC29C0F1B600FB989F /* Release */ = {
			isa = XCBuildConfiguration;
			baseConfigurationReference = 8DC48AF829F86A2400594A46 /* Release.xcconfig */;
			buildSettings = {
				BUNDLE_LOADER = "$(TEST_HOST)";
				CODE_SIGN_STYLE = Automatic;
				CURRENT_PROJECT_VERSION = 1;
				GENERATE_INFOPLIST_FILE = YES;
				IPHONEOS_DEPLOYMENT_TARGET = 13.0;
				MARKETING_VERSION = 1.0;
				PRODUCT_BUNDLE_IDENTIFIER = fre.calcMEITests;
				PRODUCT_NAME = "$(TARGET_NAME)";
				SWIFT_EMIT_LOC_STRINGS = NO;
				SWIFT_VERSION = 5.0;
				TARGETED_DEVICE_FAMILY = "1,2";
				TEST_HOST = "$(BUILT_PRODUCTS_DIR)/calcMEI.app/$(BUNDLE_EXECUTABLE_FOLDER_PATH)/calcMEI";
			};
			name = Release;
		};
		8D740235299D4950008BFE17 /* Debug */ = {
			isa = XCBuildConfiguration;
			baseConfigurationReference = 8DC48AF929F86CA700594A46 /* Base.xcconfig */;
			buildSettings = {
				ALWAYS_SEARCH_USER_PATHS = NO;
				CLANG_ANALYZER_NONNULL = YES;
				CLANG_ANALYZER_NUMBER_OBJECT_CONVERSION = YES_AGGRESSIVE;
				CLANG_CXX_LANGUAGE_STANDARD = "gnu++20";
				CLANG_ENABLE_MODULES = YES;
				CLANG_ENABLE_OBJC_ARC = YES;
				CLANG_ENABLE_OBJC_WEAK = YES;
				CLANG_WARN_BLOCK_CAPTURE_AUTORELEASING = YES;
				CLANG_WARN_BOOL_CONVERSION = YES;
				CLANG_WARN_COMMA = YES;
				CLANG_WARN_CONSTANT_CONVERSION = YES;
				CLANG_WARN_DEPRECATED_OBJC_IMPLEMENTATIONS = YES;
				CLANG_WARN_DIRECT_OBJC_ISA_USAGE = YES_ERROR;
				CLANG_WARN_DOCUMENTATION_COMMENTS = YES;
				CLANG_WARN_EMPTY_BODY = YES;
				CLANG_WARN_ENUM_CONVERSION = YES;
				CLANG_WARN_INFINITE_RECURSION = YES;
				CLANG_WARN_INT_CONVERSION = YES;
				CLANG_WARN_NON_LITERAL_NULL_CONVERSION = YES;
				CLANG_WARN_OBJC_IMPLICIT_RETAIN_SELF = YES;
				CLANG_WARN_OBJC_LITERAL_CONVERSION = YES;
				CLANG_WARN_OBJC_ROOT_CLASS = YES_ERROR;
				CLANG_WARN_QUOTED_INCLUDE_IN_FRAMEWORK_HEADER = YES;
				CLANG_WARN_RANGE_LOOP_ANALYSIS = YES;
				CLANG_WARN_STRICT_PROTOTYPES = YES;
				CLANG_WARN_SUSPICIOUS_MOVE = YES;
				CLANG_WARN_UNGUARDED_AVAILABILITY = YES_AGGRESSIVE;
				CLANG_WARN_UNREACHABLE_CODE = YES;
				CLANG_WARN__DUPLICATE_METHOD_MATCH = YES;
				COPY_PHASE_STRIP = NO;
				DEBUG_INFORMATION_FORMAT = dwarf;
				ENABLE_STRICT_OBJC_MSGSEND = YES;
				ENABLE_TESTABILITY = YES;
				GCC_C_LANGUAGE_STANDARD = gnu11;
				GCC_DYNAMIC_NO_PIC = NO;
				GCC_NO_COMMON_BLOCKS = YES;
				GCC_OPTIMIZATION_LEVEL = 0;
				GCC_PREPROCESSOR_DEFINITIONS = (
					"DEBUG=1",
					"$(inherited)",
				);
				GCC_WARN_64_TO_32_BIT_CONVERSION = YES;
				GCC_WARN_ABOUT_RETURN_TYPE = YES_ERROR;
				GCC_WARN_UNDECLARED_SELECTOR = YES;
				GCC_WARN_UNINITIALIZED_AUTOS = YES_AGGRESSIVE;
				GCC_WARN_UNUSED_FUNCTION = YES;
				GCC_WARN_UNUSED_VARIABLE = YES;
				IPHONEOS_DEPLOYMENT_TARGET = 13.0;
				MTL_ENABLE_DEBUG_INFO = INCLUDE_SOURCE;
				MTL_FAST_MATH = YES;
				ONLY_ACTIVE_ARCH = YES;
				SDKROOT = iphoneos;
				SWIFT_ACTIVE_COMPILATION_CONDITIONS = DEBUG;
				SWIFT_OPTIMIZATION_LEVEL = "-Onone";
			};
			name = Debug;
		};
		8D740236299D4950008BFE17 /* Release */ = {
			isa = XCBuildConfiguration;
			baseConfigurationReference = 8DC48AF929F86CA700594A46 /* Base.xcconfig */;
			buildSettings = {
				ALWAYS_SEARCH_USER_PATHS = NO;
				CLANG_ANALYZER_NONNULL = YES;
				CLANG_ANALYZER_NUMBER_OBJECT_CONVERSION = YES_AGGRESSIVE;
				CLANG_CXX_LANGUAGE_STANDARD = "gnu++20";
				CLANG_ENABLE_MODULES = YES;
				CLANG_ENABLE_OBJC_ARC = YES;
				CLANG_ENABLE_OBJC_WEAK = YES;
				CLANG_WARN_BLOCK_CAPTURE_AUTORELEASING = YES;
				CLANG_WARN_BOOL_CONVERSION = YES;
				CLANG_WARN_COMMA = YES;
				CLANG_WARN_CONSTANT_CONVERSION = YES;
				CLANG_WARN_DEPRECATED_OBJC_IMPLEMENTATIONS = YES;
				CLANG_WARN_DIRECT_OBJC_ISA_USAGE = YES_ERROR;
				CLANG_WARN_DOCUMENTATION_COMMENTS = YES;
				CLANG_WARN_EMPTY_BODY = YES;
				CLANG_WARN_ENUM_CONVERSION = YES;
				CLANG_WARN_INFINITE_RECURSION = YES;
				CLANG_WARN_INT_CONVERSION = YES;
				CLANG_WARN_NON_LITERAL_NULL_CONVERSION = YES;
				CLANG_WARN_OBJC_IMPLICIT_RETAIN_SELF = YES;
				CLANG_WARN_OBJC_LITERAL_CONVERSION = YES;
				CLANG_WARN_OBJC_ROOT_CLASS = YES_ERROR;
				CLANG_WARN_QUOTED_INCLUDE_IN_FRAMEWORK_HEADER = YES;
				CLANG_WARN_RANGE_LOOP_ANALYSIS = YES;
				CLANG_WARN_STRICT_PROTOTYPES = YES;
				CLANG_WARN_SUSPICIOUS_MOVE = YES;
				CLANG_WARN_UNGUARDED_AVAILABILITY = YES_AGGRESSIVE;
				CLANG_WARN_UNREACHABLE_CODE = YES;
				CLANG_WARN__DUPLICATE_METHOD_MATCH = YES;
				COPY_PHASE_STRIP = NO;
				DEBUG_INFORMATION_FORMAT = "dwarf-with-dsym";
				ENABLE_NS_ASSERTIONS = NO;
				ENABLE_STRICT_OBJC_MSGSEND = YES;
				GCC_C_LANGUAGE_STANDARD = gnu11;
				GCC_NO_COMMON_BLOCKS = YES;
				GCC_WARN_64_TO_32_BIT_CONVERSION = YES;
				GCC_WARN_ABOUT_RETURN_TYPE = YES_ERROR;
				GCC_WARN_UNDECLARED_SELECTOR = YES;
				GCC_WARN_UNINITIALIZED_AUTOS = YES_AGGRESSIVE;
				GCC_WARN_UNUSED_FUNCTION = YES;
				GCC_WARN_UNUSED_VARIABLE = YES;
				IPHONEOS_DEPLOYMENT_TARGET = 13.0;
				MTL_ENABLE_DEBUG_INFO = NO;
				MTL_FAST_MATH = YES;
				SDKROOT = iphoneos;
				SWIFT_COMPILATION_MODE = wholemodule;
				SWIFT_OPTIMIZATION_LEVEL = "-O";
				VALIDATE_PRODUCT = YES;
			};
			name = Release;
		};
		8D740238299D4950008BFE17 /* Debug */ = {
			isa = XCBuildConfiguration;
			baseConfigurationReference = 8DC48AEE29F8595800594A46 /* Debug.xcconfig */;
			buildSettings = {
				ASSETCATALOG_COMPILER_APPICON_NAME = AppIcon;
				ASSETCATALOG_COMPILER_GLOBAL_ACCENT_COLOR_NAME = AccentColor;
				CODE_SIGN_STYLE = Automatic;
				CURRENT_PROJECT_VERSION = 1;
				DEVELOPMENT_TEAM = T68CB4R9H5;
				GENERATE_INFOPLIST_FILE = YES;
				INFOPLIST_FILE = calcMEI/Info.plist;
				INFOPLIST_KEY_CFBundleDisplayName = "$(APP_NAME)";
				INFOPLIST_KEY_LSApplicationCategoryType = "public.app-category.utilities";
				INFOPLIST_KEY_UIApplicationSupportsIndirectInputEvents = YES;
				INFOPLIST_KEY_UILaunchStoryboardName = LaunchScreen;
				INFOPLIST_KEY_UIMainStoryboardFile = "";
				INFOPLIST_KEY_UIStatusBarHidden = NO;
				INFOPLIST_KEY_UIStatusBarStyle = UIStatusBarStyleLightContent;
				INFOPLIST_KEY_UISupportedInterfaceOrientations = UIInterfaceOrientationPortrait;
				INFOPLIST_KEY_UISupportedInterfaceOrientations_iPad = "UIInterfaceOrientationLandscapeLeft UIInterfaceOrientationLandscapeRight UIInterfaceOrientationPortrait UIInterfaceOrientationPortraitUpsideDown";
				IPHONEOS_DEPLOYMENT_TARGET = 13.0;
				LD_RUNPATH_SEARCH_PATHS = (
					"$(inherited)",
					"@executable_path/Frameworks",
				);
				MARKETING_VERSION = 1.0;
				PRODUCT_BUNDLE_IDENTIFIER = br.com.calcmei;
				PRODUCT_NAME = "$(TARGET_NAME)";
				SUPPORTED_PLATFORMS = "iphoneos iphonesimulator";
				SUPPORTS_MACCATALYST = NO;
				SUPPORTS_MAC_DESIGNED_FOR_IPHONE_IPAD = YES;
				SWIFT_EMIT_LOC_STRINGS = YES;
				SWIFT_VERSION = 5.0;
				TARGETED_DEVICE_FAMILY = 1;
			};
			name = Debug;
		};
		8D740239299D4950008BFE17 /* Release */ = {
			isa = XCBuildConfiguration;
			baseConfigurationReference = 8DC48AF829F86A2400594A46 /* Release.xcconfig */;
			buildSettings = {
				ASSETCATALOG_COMPILER_APPICON_NAME = AppIcon;
				ASSETCATALOG_COMPILER_GLOBAL_ACCENT_COLOR_NAME = AccentColor;
				CODE_SIGN_STYLE = Automatic;
				CURRENT_PROJECT_VERSION = 1;
				DEVELOPMENT_TEAM = T68CB4R9H5;
				GENERATE_INFOPLIST_FILE = YES;
				INFOPLIST_FILE = calcMEI/Info.plist;
				INFOPLIST_KEY_CFBundleDisplayName = "$(APP_NAME)";
				INFOPLIST_KEY_LSApplicationCategoryType = "public.app-category.utilities";
				INFOPLIST_KEY_UIApplicationSupportsIndirectInputEvents = YES;
				INFOPLIST_KEY_UILaunchStoryboardName = LaunchScreen;
				INFOPLIST_KEY_UIMainStoryboardFile = "";
				INFOPLIST_KEY_UIStatusBarHidden = NO;
				INFOPLIST_KEY_UIStatusBarStyle = UIStatusBarStyleLightContent;
				INFOPLIST_KEY_UISupportedInterfaceOrientations = UIInterfaceOrientationPortrait;
				INFOPLIST_KEY_UISupportedInterfaceOrientations_iPad = "UIInterfaceOrientationLandscapeLeft UIInterfaceOrientationLandscapeRight UIInterfaceOrientationPortrait UIInterfaceOrientationPortraitUpsideDown";
				IPHONEOS_DEPLOYMENT_TARGET = 13.0;
				LD_RUNPATH_SEARCH_PATHS = (
					"$(inherited)",
					"@executable_path/Frameworks",
				);
				MARKETING_VERSION = 1.0;
				PRODUCT_BUNDLE_IDENTIFIER = br.com.calcmei;
				PRODUCT_NAME = "$(TARGET_NAME)";
				SUPPORTED_PLATFORMS = "iphoneos iphonesimulator";
				SUPPORTS_MACCATALYST = NO;
				SUPPORTS_MAC_DESIGNED_FOR_IPHONE_IPAD = YES;
				SWIFT_EMIT_LOC_STRINGS = YES;
				SWIFT_VERSION = 5.0;
				TARGETED_DEVICE_FAMILY = 1;
			};
			name = Release;
		};
/* End XCBuildConfiguration section */

/* Begin XCConfigurationList section */
		8D09CAED29C0F1B600FB989F /* Build configuration list for PBXNativeTarget "calcMEITests" */ = {
			isa = XCConfigurationList;
			buildConfigurations = (
				8D09CAEB29C0F1B600FB989F /* Debug */,
				8D09CAEC29C0F1B600FB989F /* Release */,
			);
			defaultConfigurationIsVisible = 0;
			defaultConfigurationName = Release;
		};
		8D74021E299D494E008BFE17 /* Build configuration list for PBXProject "calcMEI" */ = {
			isa = XCConfigurationList;
			buildConfigurations = (
				8D740235299D4950008BFE17 /* Debug */,
				8D740236299D4950008BFE17 /* Release */,
			);
			defaultConfigurationIsVisible = 0;
			defaultConfigurationName = Release;
		};
		8D740237299D4950008BFE17 /* Build configuration list for PBXNativeTarget "calcMEI" */ = {
			isa = XCConfigurationList;
			buildConfigurations = (
				8D740238299D4950008BFE17 /* Debug */,
				8D740239299D4950008BFE17 /* Release */,
			);
			defaultConfigurationIsVisible = 0;
			defaultConfigurationName = Release;
		};
/* End XCConfigurationList section */

/* Begin XCRemoteSwiftPackageReference section */
		8D4716DB299E79BB00079790 /* XCRemoteSwiftPackageReference "CurrencyText" */ = {
			isa = XCRemoteSwiftPackageReference;
			repositoryURL = "https://github.com/marinofelipe/CurrencyText";
			requirement = {
				kind = upToNextMajorVersion;
				minimumVersion = 3.0.0;
			};
		};
/* End XCRemoteSwiftPackageReference section */

/* Begin XCSwiftPackageProductDependency section */
		8D4716DC299E79BB00079790 /* CurrencyFormatter */ = {
			isa = XCSwiftPackageProductDependency;
			package = 8D4716DB299E79BB00079790 /* XCRemoteSwiftPackageReference "CurrencyText" */;
			productName = CurrencyFormatter;
		};
		8D4716DE299E79BB00079790 /* CurrencyText */ = {
			isa = XCSwiftPackageProductDependency;
			package = 8D4716DB299E79BB00079790 /* XCRemoteSwiftPackageReference "CurrencyText" */;
			productName = CurrencyText;
		};
		8DC48AEC29F81E5900594A46 /* CalcMEI_Core */ = {
			isa = XCSwiftPackageProductDependency;
			productName = CalcMEI_Core;
		};
/* End XCSwiftPackageProductDependency section */
	};
	rootObject = 8D74021B299D494E008BFE17 /* Project object */;
}
